// !$*UTF8*$!
{
	archiveVersion = 1;
	classes = {
	};
	objectVersion = 46;
	objects = {

/* Begin PBXBuildFile section */
		3F6401231F836E5A003038C2 /* AppDelegate.swift in Sources */ = {isa = PBXBuildFile; fileRef = 3F6401221F836E5A003038C2 /* AppDelegate.swift */; };
		3F6401251F836E5A003038C2 /* ViewController.swift in Sources */ = {isa = PBXBuildFile; fileRef = 3F6401241F836E5A003038C2 /* ViewController.swift */; };
		3F6401281F836E5A003038C2 /* Main.storyboard in Resources */ = {isa = PBXBuildFile; fileRef = 3F6401261F836E5A003038C2 /* Main.storyboard */; };
		3F64012A1F836E5B003038C2 /* Assets.xcassets in Resources */ = {isa = PBXBuildFile; fileRef = 3F6401291F836E5B003038C2 /* Assets.xcassets */; };
		3F64012D1F836E5B003038C2 /* LaunchScreen.storyboard in Resources */ = {isa = PBXBuildFile; fileRef = 3F64012B1F836E5B003038C2 /* LaunchScreen.storyboard */; };
/* End PBXBuildFile section */

/* Begin PBXFileReference section */
		3F64011F1F836E5A003038C2 /* OmnomTracker.app */ = {isa = PBXFileReference; explicitFileType = wrapper.application; includeInIndex = 0; path = OmnomTracker.app; sourceTree = BUILT_PRODUCTS_DIR; };
		3F6401221F836E5A003038C2 /* AppDelegate.swift */ = {isa = PBXFileReference; lastKnownFileType = sourcecode.swift; path = AppDelegate.swift; sourceTree = "<group>"; };
		3F6401241F836E5A003038C2 /* ViewController.swift */ = {isa = PBXFileReference; lastKnownFileType = sourcecode.swift; path = ViewController.swift; sourceTree = "<group>"; };
		3F6401271F836E5A003038C2 /* Base */ = {isa = PBXFileReference; lastKnownFileType = file.storyboard; name = Base; path = Base.lproj/Main.storyboard; sourceTree = "<group>"; };
		3F6401291F836E5B003038C2 /* Assets.xcassets */ = {isa = PBXFileReference; lastKnownFileType = folder.assetcatalog; path = Assets.xcassets; sourceTree = "<group>"; };
		3F64012C1F836E5B003038C2 /* Base */ = {isa = PBXFileReference; lastKnownFileType = file.storyboard; name = Base; path = Base.lproj/LaunchScreen.storyboard; sourceTree = "<group>"; };
		3F64012E1F836E5B003038C2 /* Info.plist */ = {isa = PBXFileReference; lastKnownFileType = text.plist.xml; path = Info.plist; sourceTree = "<group>"; };
/* End PBXFileReference section */

/* Begin PBXFrameworksBuildPhase section */
		3F64011C1F836E5A003038C2 /* Frameworks */ = {
			isa = PBXFrameworksBuildPhase;
			buildActionMask = 2147483647;
			files = (
			);
			runOnlyForDeploymentPostprocessing = 0;
		};
/* End PBXFrameworksBuildPhase section */

/* Begin PBXGroup section */
		3F6401161F836E5A003038C2 = {
			isa = PBXGroup;
			children = (
				3F6401211F836E5A003038C2 /* OmnomTracker */,
				3F6401201F836E5A003038C2 /* Products */,
			);
			sourceTree = "<group>";
		};
		3F6401201F836E5A003038C2 /* Products */ = {
			isa = PBXGroup;
			children = (
				3F64011F1F836E5A003038C2 /* OmnomTracker.app */,
			);
			name = Products;
			sourceTree = "<group>";
		};
		3F6401211F836E5A003038C2 /* OmnomTracker */ = {
			isa = PBXGroup;
			children = (
				3F6401221F836E5A003038C2 /* AppDelegate.swift */,
				3F6401241F836E5A003038C2 /* ViewController.swift */,
				3F6401261F836E5A003038C2 /* Main.storyboard */,
				3F6401291F836E5B003038C2 /* Assets.xcassets */,
				3F64012B1F836E5B003038C2 /* LaunchScreen.storyboard */,
				3F64012E1F836E5B003038C2 /* Info.plist */,
			);
			path = OmnomTracker;
			sourceTree = "<group>";
		};
/* End PBXGroup section */

/* Begin PBXNativeTarget section */
		3F64011E1F836E5A003038C2 /* OmnomTracker */ = {
			isa = PBXNativeTarget;
			buildConfigurationList = 3F6401311F836E5B003038C2 /* Build configuration list for PBXNativeTarget "OmnomTracker" */;
			buildPhases = (
				3F64011B1F836E5A003038C2 /* Sources */,
				3F64011C1F836E5A003038C2 /* Frameworks */,
				3F64011D1F836E5A003038C2 /* Resources */,
			);
			buildRules = (
			);
			dependencies = (
			);
			name = OmnomTracker;
			productName = OmnomTracker;
			productReference = 3F64011F1F836E5A003038C2 /* OmnomTracker.app */;
			productType = "com.apple.product-type.application";
		};
/* End PBXNativeTarget section */

/* Begin PBXProject section */
		3F6401171F836E5A003038C2 /* Project object */ = {
			isa = PBXProject;
			attributes = {
				LastSwiftUpdateCheck = 0830;
				LastUpgradeCheck = 0830;
				ORGANIZATIONNAME = PXL;
				TargetAttributes = {
					3F64011E1F836E5A003038C2 = {
						CreatedOnToolsVersion = 8.3.3;
						ProvisioningStyle = Automatic;
					};
				};
			};
			buildConfigurationList = 3F64011A1F836E5A003038C2 /* Build configuration list for PBXProject "OmnomTracker" */;
			compatibilityVersion = "Xcode 3.2";
			developmentRegion = English;
			hasScannedForEncodings = 0;
			knownRegions = (
				en,
				Base,
			);
			mainGroup = 3F6401161F836E5A003038C2;
			productRefGroup = 3F6401201F836E5A003038C2 /* Products */;
			projectDirPath = "";
			projectRoot = "";
			targets = (
				3F64011E1F836E5A003038C2 /* OmnomTracker */,
			);
		};
/* End PBXProject section */

/* Begin PBXResourcesBuildPhase section */
		3F64011D1F836E5A003038C2 /* Resources */ = {
			isa = PBXResourcesBuildPhase;
			buildActionMask = 2147483647;
			files = (
				3F64012D1F836E5B003038C2 /* LaunchScreen.storyboard in Resources */,
				3F64012A1F836E5B003038C2 /* Assets.xcassets in Resources */,
				3F6401281F836E5A003038C2 /* Main.storyboard in Resources */,
			);
			runOnlyForDeploymentPostprocessing = 0;
		};
/* End PBXResourcesBuildPhase section */

/* Begin PBXSourcesBuildPhase section */
		3F64011B1F836E5A003038C2 /* Sources */ = {
			isa = PBXSourcesBuildPhase;
			buildActionMask = 2147483647;
			files = (
				3F6401251F836E5A003038C2 /* ViewController.swift in Sources */,
				3F6401231F836E5A003038C2 /* AppDelegate.swift in Sources */,
			);
			runOnlyForDeploymentPostprocessing = 0;
		};
/* End PBXSourcesBuildPhase section */

/* Begin PBXVariantGroup section */
		3F6401261F836E5A003038C2 /* Main.storyboard */ = {
			isa = PBXVariantGroup;
			children = (
				3F6401271F836E5A003038C2 /* Base */,
			);
			name = Main.storyboard;
			sourceTree = "<group>";
		};
		3F64012B1F836E5B003038C2 /* LaunchScreen.storyboard */ = {
			isa = PBXVariantGroup;
			children = (
				3F64012C1F836E5B003038C2 /* Base */,
			);
			name = LaunchScreen.storyboard;
			sourceTree = "<group>";
		};
/* End PBXVariantGroup section */

/* Begin XCBuildConfiguration section */
		3F64012F1F836E5B003038C2 /* Debug */ = {
			isa = XCBuildConfiguration;
			buildSettings = {
				ALWAYS_SEARCH_USER_PATHS = NO;
				CLANG_ANALYZER_NONNULL = YES;
				CLANG_ANALYZER_NUMBER_OBJECT_CONVERSION = YES_AGGRESSIVE;
				CLANG_CXX_LANGUAGE_STANDARD = "gnu++0x";
				CLANG_CXX_LIBRARY = "libc++";
				CLANG_ENABLE_MODULES = YES;
				CLANG_ENABLE_OBJC_ARC = YES;
				CLANG_WARN_BOOL_CONVERSION = YES;
				CLANG_WARN_CONSTANT_CONVERSION = YES;
				CLANG_WARN_DIRECT_OBJC_ISA_USAGE = YES_ERROR;
				CLANG_WARN_DOCUMENTATION_COMMENTS = YES;
				CLANG_WARN_EMPTY_BODY = YES;
				CLANG_WARN_ENUM_CONVERSION = YES;
				CLANG_WARN_INFINITE_RECURSION = YES;
				CLANG_WARN_INT_CONVERSION = YES;
				CLANG_WARN_OBJC_ROOT_CLASS = YES_ERROR;
				CLANG_WARN_SUSPICIOUS_MOVE = YES;
				CLANG_WARN_UNREACHABLE_CODE = YES;
				CLANG_WARN__DUPLICATE_METHOD_MATCH = YES;
				"CODE_SIGN_IDENTITY[sdk=iphoneos*]" = "iPhone Developer";
				COPY_PHASE_STRIP = NO;
				DEBUG_INFORMATION_FORMAT = dwarf;
				ENABLE_STRICT_OBJC_MSGSEND = YES;
				ENABLE_TESTABILITY = YES;
				GCC_C_LANGUAGE_STANDARD = gnu99;
				GCC_DYNAMIC_NO_PIC = NO;
				GCC_NO_COMMON_BLOCKS = YES;
				GCC_OPTIMIZATION_LEVEL = 0;
				GCC_PREPROCESSOR_DEFINITIONS = (
					"DEBUG=1",
					"$(inherited)",
				);
				GCC_WARN_64_TO_32_BIT_CONVERSION = YES;
				GCC_WARN_ABOUT_RETURN_TYPE = YES_ERROR;
				GCC_WARN_UNDECLARED_SELECTOR = YES;
				GCC_WARN_UNINITIALIZED_AUTOS = YES_AGGRESSIVE;
				GCC_WARN_UNUSED_FUNCTION = YES;
				GCC_WARN_UNUSED_VARIABLE = YES;
				IPHONEOS_DEPLOYMENT_TARGET = 10.3;
				MTL_ENABLE_DEBUG_INFO = YES;
				ONLY_ACTIVE_ARCH = YES;
				SDKROOT = iphoneos;
				SWIFT_ACTIVE_COMPILATION_CONDITIONS = DEBUG;
				SWIFT_OPTIMIZATION_LEVEL = "-Onone";
				TARGETED_DEVICE_FAMILY = "1,2";
			};
			name = Debug;
		};
		3F6401301F836E5B003038C2 /* Release */ = {
			isa = XCBuildConfiguration;
			buildSettings = {
				ALWAYS_SEARCH_USER_PATHS = NO;
				CLANG_ANALYZER_NONNULL = YES;
				CLANG_ANALYZER_NUMBER_OBJECT_CONVERSION = YES_AGGRESSIVE;
				CLANG_CXX_LANGUAGE_STANDARD = "gnu++0x";
				CLANG_CXX_LIBRARY = "libc++";
				CLANG_ENABLE_MODULES = YES;
				CLANG_ENABLE_OBJC_ARC = YES;
				CLANG_WARN_BOOL_CONVERSION = YES;
				CLANG_WARN_CONSTANT_CONVERSION = YES;
				CLANG_WARN_DIRECT_OBJC_ISA_USAGE = YES_ERROR;
				CLANG_WARN_DOCUMENTATION_COMMENTS = YES;
				CLANG_WARN_EMPTY_BODY = YES;
				CLANG_WARN_ENUM_CONVERSION = YES;
				CLANG_WARN_INFINITE_RECURSION = YES;
				CLANG_WARN_INT_CONVERSION = YES;
				CLANG_WARN_OBJC_ROOT_CLASS = YES_ERROR;
				CLANG_WARN_SUSPICIOUS_MOVE = YES;
				CLANG_WARN_UNREACHABLE_CODE = YES;
				CLANG_WARN__DUPLICATE_METHOD_MATCH = YES;
				"CODE_SIGN_IDENTITY[sdk=iphoneos*]" = "iPhone Developer";
				COPY_PHASE_STRIP = NO;
				DEBUG_INFORMATION_FORMAT = "dwarf-with-dsym";
				ENABLE_NS_ASSERTIONS = NO;
				ENABLE_STRICT_OBJC_MSGSEND = YES;
				GCC_C_LANGUAGE_STANDARD = gnu99;
				GCC_NO_COMMON_BLOCKS = YES;
				GCC_WARN_64_TO_32_BIT_CONVERSION = YES;
				GCC_WARN_ABOUT_RETURN_TYPE = YES_ERROR;
				GCC_WARN_UNDECLARED_SELECTOR = YES;
				GCC_WARN_UNINITIALIZED_AUTOS = YES_AGGRESSIVE;
				GCC_WARN_UNUSED_FUNCTION = YES;
				GCC_WARN_UNUSED_VARIABLE = YES;
				IPHONEOS_DEPLOYMENT_TARGET = 10.3;
				MTL_ENABLE_DEBUG_INFO = NO;
				SDKROOT = iphoneos;
				SWIFT_OPTIMIZATION_LEVEL = "-Owholemodule";
				TARGETED_DEVICE_FAMILY = "1,2";
				VALIDATE_PRODUCT = YES;
			};
			name = Release;
		};
		3F6401321F836E5B003038C2 /* Debug */ = {
			isa = XCBuildConfiguration;
			buildSettings = {
				ASSETCATALOG_COMPILER_APPICON_NAME = AppIcon;
				DEVELOPMENT_TEAM = "";
				INFOPLIST_FILE = OmnomTracker/Info.plist;
				LD_RUNPATH_SEARCH_PATHS = "$(inherited) @executable_path/Frameworks";
				PRODUCT_BUNDLE_IDENTIFIER = be.pxl.OmnomTracker;
				PRODUCT_NAME = "$(TARGET_NAME)";
				SWIFT_VERSION = 3.0;
			};
			name = Debug;
		};
		3F6401331F836E5B003038C2 /* Release */ = {
			isa = XCBuildConfiguration;
			buildSettings = {
				ASSETCATALOG_COMPILER_APPICON_NAME = AppIcon;
				DEVELOPMENT_TEAM = "";
				INFOPLIST_FILE = OmnomTracker/Info.plist;
				LD_RUNPATH_SEARCH_PATHS = "$(inherited) @executable_path/Frameworks";
				PRODUCT_BUNDLE_IDENTIFIER = be.pxl.OmnomTracker;
				PRODUCT_NAME = "$(TARGET_NAME)";
				SWIFT_VERSION = 3.0;
			};
			name = Release;
		};
/* End XCBuildConfiguration section */

/* Begin XCConfigurationList section */
		3F64011A1F836E5A003038C2 /* Build configuration list for PBXProject "OmnomTracker" */ = {
			isa = XCConfigurationList;
			buildConfigurations = (
				3F64012F1F836E5B003038C2 /* Debug */,
				3F6401301F836E5B003038C2 /* Release */,
			);
			defaultConfigurationIsVisible = 0;
			defaultConfigurationName = Release;
		};
		3F6401311F836E5B003038C2 /* Build configuration list for PBXNativeTarget "OmnomTracker" */ = {
			isa = XCConfigurationList;
			buildConfigurations = (
				3F6401321F836E5B003038C2 /* Debug */,
				3F6401331F836E5B003038C2 /* Release */,
			);
			defaultConfigurationIsVisible = 0;
		};
/* End XCConfigurationList section */
	};
	rootObject = 3F6401171F836E5A003038C2 /* Project object */;
}
