// !$*UTF8*$!
{
	archiveVersion = 1;
	classes = {
	};
	objectVersion = 46;
	objects = {

/* Begin PBXBuildFile section */
		3F6401251F836E5A003038C2 /* ViewController.swift in Sources */ = {isa = PBXBuildFile; fileRef = 3F6401241F836E5A003038C2 /* ViewController.swift */; };
		3F6401281F836E5A003038C2 /* Main.storyboard in Resources */ = {isa = PBXBuildFile; fileRef = 3F6401261F836E5A003038C2 /* Main.storyboard */; };
		3F64012A1F836E5B003038C2 /* Assets.xcassets in Resources */ = {isa = PBXBuildFile; fileRef = 3F6401291F836E5B003038C2 /* Assets.xcassets */; };
		3F64012D1F836E5B003038C2 /* LaunchScreen.storyboard in Resources */ = {isa = PBXBuildFile; fileRef = 3F64012B1F836E5B003038C2 /* LaunchScreen.storyboard */; };
		3FB211691F923EE7005F8418 /* HomeTabBarController.swift in Sources */ = {isa = PBXBuildFile; fileRef = 3FB211681F923EE7005F8418 /* HomeTabBarController.swift */; };
		3FB2116B1F925413005F8418 /* RegisterTableController.swift in Sources */ = {isa = PBXBuildFile; fileRef = 3FB2116A1F925413005F8418 /* RegisterTableController.swift */; };
		3FB2116F1F9608A6005F8418 /* SearchTableViewController.swift in Sources */ = {isa = PBXBuildFile; fileRef = 3FB2116E1F9608A6005F8418 /* SearchTableViewController.swift */; };
		3FCEFFEE1F9F2BE700E1FBD3 /* Alamofire.framework in Frameworks */ = {isa = PBXBuildFile; fileRef = 3FCEFFED1F9F2BE700E1FBD3 /* Alamofire.framework */; settings = {ATTRIBUTES = (Required, ); }; };
		3FD4DA341FB078EF00A02AA0 /* HistoryTableViewController.swift in Sources */ = {isa = PBXBuildFile; fileRef = 3FD4DA331FB078EF00A02AA0 /* HistoryTableViewController.swift */; };
		3FD4DA361FB089C200A02AA0 /* DayViewController.swift in Sources */ = {isa = PBXBuildFile; fileRef = 3FD4DA351FB089C200A02AA0 /* DayViewController.swift */; };
		5642591C1F8CC786000C6F23 /* LogMealViewController.swift in Sources */ = {isa = PBXBuildFile; fileRef = 5642591B1F8CC786000C6F23 /* LogMealViewController.swift */; };
		5642591E1F8CC7B9000C6F23 /* ProfileViewController.swift in Sources */ = {isa = PBXBuildFile; fileRef = 5642591D1F8CC7B9000C6F23 /* ProfileViewController.swift */; };
		566BF57E1F9CE43A00054F7E /* ViewMealViewController.swift in Sources */ = {isa = PBXBuildFile; fileRef = 566BF57D1F9CE43A00054F7E /* ViewMealViewController.swift */; };
		566BF5811F9CE74F00054F7E /* Lunch.swift in Sources */ = {isa = PBXBuildFile; fileRef = 566BF5801F9CE74F00054F7E /* Lunch.swift */; };
		566BF5841F9CEF7300054F7E /* UserRepository.swift in Sources */ = {isa = PBXBuildFile; fileRef = 566BF5831F9CEF7300054F7E /* UserRepository.swift */; };
		566BF5861F9CEF8200054F7E /* FoodRepository.swift in Sources */ = {isa = PBXBuildFile; fileRef = 566BF5851F9CEF8200054F7E /* FoodRepository.swift */; };
		566BF58B1F9CF14100054F7E /* FoodModel.swift in Sources */ = {isa = PBXBuildFile; fileRef = 566BF58A1F9CF14100054F7E /* FoodModel.swift */; };
		567FE29B1F854093004DDB84 /* AppDelegate.swift in Sources */ = {isa = PBXBuildFile; fileRef = 567FE29A1F854093004DDB84 /* AppDelegate.swift */; };
		56A94AAE1F8A72FE00B54B47 /* RegisterViewController.swift in Sources */ = {isa = PBXBuildFile; fileRef = 56A94AAD1F8A72FE00B54B47 /* RegisterViewController.swift */; };
		56A94AB41F8A925100B54B47 /* OmnomDB.xcdatamodeld in Sources */ = {isa = PBXBuildFile; fileRef = 56A94AB21F8A925100B54B47 /* OmnomDB.xcdatamodeld */; };
		56A94AD71F8A93B200B54B47 /* DatabaseController.swift in Sources */ = {isa = PBXBuildFile; fileRef = 56A94AD61F8A93B200B54B47 /* DatabaseController.swift */; };
		56DF7D841FAF610500923AE4 /* UIColor.swift in Sources */ = {isa = PBXBuildFile; fileRef = 56DF7D831FAF610500923AE4 /* UIColor.swift */; };
		A5AFA41EBB8D76BE18F3D10F /* Pods_OmnomTracker.framework in Frameworks */ = {isa = PBXBuildFile; fileRef = DFE75B4D538BE12B6C4A3AA3 /* Pods_OmnomTracker.framework */; };
/* End PBXBuildFile section */

/* Begin PBXFileReference section */
		3F64011F1F836E5A003038C2 /* OmnomTracker.app */ = {isa = PBXFileReference; explicitFileType = wrapper.application; includeInIndex = 0; path = OmnomTracker.app; sourceTree = BUILT_PRODUCTS_DIR; };
		3F6401241F836E5A003038C2 /* ViewController.swift */ = {isa = PBXFileReference; lastKnownFileType = sourcecode.swift; path = ViewController.swift; sourceTree = "<group>"; };
		3F6401271F836E5A003038C2 /* Base */ = {isa = PBXFileReference; lastKnownFileType = file.storyboard; name = Base; path = Base.lproj/Main.storyboard; sourceTree = "<group>"; };
		3F6401291F836E5B003038C2 /* Assets.xcassets */ = {isa = PBXFileReference; lastKnownFileType = folder.assetcatalog; path = Assets.xcassets; sourceTree = "<group>"; };
		3F64012C1F836E5B003038C2 /* Base */ = {isa = PBXFileReference; lastKnownFileType = file.storyboard; name = Base; path = Base.lproj/LaunchScreen.storyboard; sourceTree = "<group>"; };
		3F64012E1F836E5B003038C2 /* Info.plist */ = {isa = PBXFileReference; lastKnownFileType = text.plist.xml; path = Info.plist; sourceTree = "<group>"; };
		3FB211681F923EE7005F8418 /* HomeTabBarController.swift */ = {isa = PBXFileReference; fileEncoding = 4; lastKnownFileType = sourcecode.swift; path = HomeTabBarController.swift; sourceTree = "<group>"; };
		3FB2116A1F925413005F8418 /* RegisterTableController.swift */ = {isa = PBXFileReference; fileEncoding = 4; lastKnownFileType = sourcecode.swift; path = RegisterTableController.swift; sourceTree = "<group>"; };
		3FB2116E1F9608A6005F8418 /* SearchTableViewController.swift */ = {isa = PBXFileReference; fileEncoding = 4; lastKnownFileType = sourcecode.swift; path = SearchTableViewController.swift; sourceTree = "<group>"; };
		3FCEFFED1F9F2BE700E1FBD3 /* Alamofire.framework */ = {isa = PBXFileReference; lastKnownFileType = wrapper.framework; name = Alamofire.framework; path = "../../../Library/Developer/Xcode/DerivedData/OmnomTracker-axwxdfxxucfidoffriryypdqmnyl/Build/Products/Debug-iphonesimulator/Alamofire/Alamofire.framework"; sourceTree = "<group>"; };
		3FCEFFEF1F9F2FC900E1FBD3 /* SwiftyJSON.framework */ = {isa = PBXFileReference; lastKnownFileType = wrapper.framework; name = SwiftyJSON.framework; path = "../../../Library/Developer/Xcode/DerivedData/OmnomTracker-axwxdfxxucfidoffriryypdqmnyl/Build/Products/Debug-iphonesimulator/SwiftyJSON/SwiftyJSON.framework"; sourceTree = "<group>"; };
		3FD4DA331FB078EF00A02AA0 /* HistoryTableViewController.swift */ = {isa = PBXFileReference; fileEncoding = 4; lastKnownFileType = sourcecode.swift; path = HistoryTableViewController.swift; sourceTree = "<group>"; };
		3FD4DA351FB089C200A02AA0 /* DayViewController.swift */ = {isa = PBXFileReference; fileEncoding = 4; lastKnownFileType = sourcecode.swift; path = DayViewController.swift; sourceTree = "<group>"; };
		5642591B1F8CC786000C6F23 /* LogMealViewController.swift */ = {isa = PBXFileReference; fileEncoding = 4; lastKnownFileType = sourcecode.swift; path = LogMealViewController.swift; sourceTree = "<group>"; };
		5642591D1F8CC7B9000C6F23 /* ProfileViewController.swift */ = {isa = PBXFileReference; fileEncoding = 4; lastKnownFileType = sourcecode.swift; path = ProfileViewController.swift; sourceTree = "<group>"; };
		566BF57D1F9CE43A00054F7E /* ViewMealViewController.swift */ = {isa = PBXFileReference; fileEncoding = 4; lastKnownFileType = sourcecode.swift; path = ViewMealViewController.swift; sourceTree = "<group>"; };
		566BF5801F9CE74F00054F7E /* Lunch.swift */ = {isa = PBXFileReference; fileEncoding = 4; lastKnownFileType = sourcecode.swift; path = Lunch.swift; sourceTree = "<group>"; };
		566BF5831F9CEF7300054F7E /* UserRepository.swift */ = {isa = PBXFileReference; fileEncoding = 4; lastKnownFileType = sourcecode.swift; path = UserRepository.swift; sourceTree = "<group>"; };
		566BF5851F9CEF8200054F7E /* FoodRepository.swift */ = {isa = PBXFileReference; fileEncoding = 4; lastKnownFileType = sourcecode.swift; path = FoodRepository.swift; sourceTree = "<group>"; };
		566BF58A1F9CF14100054F7E /* FoodModel.swift */ = {isa = PBXFileReference; fileEncoding = 4; lastKnownFileType = sourcecode.swift; path = FoodModel.swift; sourceTree = "<group>"; };
		567FE2961F854062004DDB84 /* FBSDKCoreKit.framework */ = {isa = PBXFileReference; lastKnownFileType = wrapper.framework; path = FBSDKCoreKit.framework; sourceTree = "<group>"; };
		567FE2971F854062004DDB84 /* FBSDKLoginKit.framework */ = {isa = PBXFileReference; lastKnownFileType = wrapper.framework; path = FBSDKLoginKit.framework; sourceTree = "<group>"; };
		567FE29A1F854093004DDB84 /* AppDelegate.swift */ = {isa = PBXFileReference; fileEncoding = 4; lastKnownFileType = sourcecode.swift; path = AppDelegate.swift; sourceTree = "<group>"; };
		56A94AAD1F8A72FE00B54B47 /* RegisterViewController.swift */ = {isa = PBXFileReference; fileEncoding = 4; lastKnownFileType = sourcecode.swift; path = RegisterViewController.swift; sourceTree = "<group>"; };
		56A94AB31F8A925100B54B47 /* OmnomDB.xcdatamodel */ = {isa = PBXFileReference; lastKnownFileType = wrapper.xcdatamodel; path = OmnomDB.xcdatamodel; sourceTree = "<group>"; };
		56A94AD61F8A93B200B54B47 /* DatabaseController.swift */ = {isa = PBXFileReference; fileEncoding = 4; lastKnownFileType = sourcecode.swift; path = DatabaseController.swift; sourceTree = "<group>"; };
		56DF7D831FAF610500923AE4 /* UIColor.swift */ = {isa = PBXFileReference; fileEncoding = 4; lastKnownFileType = sourcecode.swift; path = UIColor.swift; sourceTree = "<group>"; };
		56F8D1161F853D73006CD33C /* OmnomTracker-Bridging-Header.h */ = {isa = PBXFileReference; lastKnownFileType = sourcecode.c.h; path = "OmnomTracker-Bridging-Header.h"; sourceTree = "<group>"; };
		6BAD80E1EA9F518A6A23FEF3 /* Pods-OmnomTracker.debug.xcconfig */ = {isa = PBXFileReference; includeInIndex = 1; lastKnownFileType = text.xcconfig; name = "Pods-OmnomTracker.debug.xcconfig"; path = "Pods/Target Support Files/Pods-OmnomTracker/Pods-OmnomTracker.debug.xcconfig"; sourceTree = "<group>"; };
		A2A65F25E9C61BBE9C6E94AF /* Pods-OmnomTracker.release.xcconfig */ = {isa = PBXFileReference; includeInIndex = 1; lastKnownFileType = text.xcconfig; name = "Pods-OmnomTracker.release.xcconfig"; path = "Pods/Target Support Files/Pods-OmnomTracker/Pods-OmnomTracker.release.xcconfig"; sourceTree = "<group>"; };
		DFE75B4D538BE12B6C4A3AA3 /* Pods_OmnomTracker.framework */ = {isa = PBXFileReference; explicitFileType = wrapper.framework; includeInIndex = 0; path = Pods_OmnomTracker.framework; sourceTree = BUILT_PRODUCTS_DIR; };
/* End PBXFileReference section */

/* Begin PBXFrameworksBuildPhase section */
		3F64011C1F836E5A003038C2 /* Frameworks */ = {
			isa = PBXFrameworksBuildPhase;
			buildActionMask = 2147483647;
			files = (
				A5AFA41EBB8D76BE18F3D10F /* Pods_OmnomTracker.framework in Frameworks */,
				3FCEFFEE1F9F2BE700E1FBD3 /* Alamofire.framework in Frameworks */,
			);
			runOnlyForDeploymentPostprocessing = 0;
		};
/* End PBXFrameworksBuildPhase section */

/* Begin PBXGroup section */
		0D07E7FE7C9F8F5C250FB315 /* Frameworks */ = {
			isa = PBXGroup;
			children = (
				3FCEFFEF1F9F2FC900E1FBD3 /* SwiftyJSON.framework */,
				3FCEFFED1F9F2BE700E1FBD3 /* Alamofire.framework */,
				DFE75B4D538BE12B6C4A3AA3 /* Pods_OmnomTracker.framework */,
			);
			name = Frameworks;
			sourceTree = "<group>";
		};
		3F6401161F836E5A003038C2 = {
			isa = PBXGroup;
			children = (
				3F6401211F836E5A003038C2 /* OmnomTracker */,
				3F6401201F836E5A003038C2 /* Products */,
				7A5FA51DB7C3788F843B2FEE /* Pods */,
				0D07E7FE7C9F8F5C250FB315 /* Frameworks */,
			);
			sourceTree = "<group>";
		};
		3F6401201F836E5A003038C2 /* Products */ = {
			isa = PBXGroup;
			children = (
				3F64011F1F836E5A003038C2 /* OmnomTracker.app */,
			);
			name = Products;
			sourceTree = "<group>";
		};
		3F6401211F836E5A003038C2 /* OmnomTracker */ = {
			isa = PBXGroup;
			children = (
				56CDFCC81F9D238F0081E0DC /* Helpers */,
				566BF5891F9CF13200054F7E /* Models */,
				566BF5821F9CEF6300054F7E /* Repositories */,
				566BF57F1F9CE6FD00054F7E /* Enums */,
				564259151F8CC5E4000C6F23 /* Controllers */,
				567FE29A1F854093004DDB84 /* AppDelegate.swift */,
				3F6401261F836E5A003038C2 /* Main.storyboard */,
				3F6401291F836E5B003038C2 /* Assets.xcassets */,
				3F64012B1F836E5B003038C2 /* LaunchScreen.storyboard */,
				3F64012E1F836E5B003038C2 /* Info.plist */,
				56F8D1161F853D73006CD33C /* OmnomTracker-Bridging-Header.h */,
				567FE2961F854062004DDB84 /* FBSDKCoreKit.framework */,
				567FE2971F854062004DDB84 /* FBSDKLoginKit.framework */,
				56A94AB21F8A925100B54B47 /* OmnomDB.xcdatamodeld */,
			);
			path = OmnomTracker;
			sourceTree = "<group>";
		};
		564259151F8CC5E4000C6F23 /* Controllers */ = {
			isa = PBXGroup;
			children = (
				3F6401241F836E5A003038C2 /* ViewController.swift */,
				56A94AAD1F8A72FE00B54B47 /* RegisterViewController.swift */,
				3FB2116A1F925413005F8418 /* RegisterTableController.swift */,
				3FB211681F923EE7005F8418 /* HomeTabBarController.swift */,
				56A94AD61F8A93B200B54B47 /* DatabaseController.swift */,
				566BF57D1F9CE43A00054F7E /* ViewMealViewController.swift */,
				3FB2116E1F9608A6005F8418 /* SearchTableViewController.swift */,
				5642591B1F8CC786000C6F23 /* LogMealViewController.swift */,
				5642591D1F8CC7B9000C6F23 /* ProfileViewController.swift */,
				3FD4DA331FB078EF00A02AA0 /* HistoryTableViewController.swift */,
				3FD4DA351FB089C200A02AA0 /* DayViewController.swift */,
			);
			name = Controllers;
			sourceTree = "<group>";
		};
		566BF57F1F9CE6FD00054F7E /* Enums */ = {
			isa = PBXGroup;
			children = (
				566BF5801F9CE74F00054F7E /* Lunch.swift */,
			);
			name = Enums;
			sourceTree = "<group>";
		};
		566BF5821F9CEF6300054F7E /* Repositories */ = {
			isa = PBXGroup;
			children = (
				566BF5831F9CEF7300054F7E /* UserRepository.swift */,
				566BF5851F9CEF8200054F7E /* FoodRepository.swift */,
			);
			name = Repositories;
			sourceTree = "<group>";
		};
		566BF5891F9CF13200054F7E /* Models */ = {
			isa = PBXGroup;
			children = (
				566BF58A1F9CF14100054F7E /* FoodModel.swift */,
			);
			name = Models;
			sourceTree = "<group>";
		};
		56CDFCC81F9D238F0081E0DC /* Helpers */ = {
			isa = PBXGroup;
			children = (
				56DF7D831FAF610500923AE4 /* UIColor.swift */,
			);
			name = Helpers;
			sourceTree = "<group>";
		};
		7A5FA51DB7C3788F843B2FEE /* Pods */ = {
			isa = PBXGroup;
			children = (
				6BAD80E1EA9F518A6A23FEF3 /* Pods-OmnomTracker.debug.xcconfig */,
				A2A65F25E9C61BBE9C6E94AF /* Pods-OmnomTracker.release.xcconfig */,
			);
			name = Pods;
			sourceTree = "<group>";
		};
/* End PBXGroup section */

/* Begin PBXNativeTarget section */
		3F64011E1F836E5A003038C2 /* OmnomTracker */ = {
			isa = PBXNativeTarget;
			buildConfigurationList = 3F6401311F836E5B003038C2 /* Build configuration list for PBXNativeTarget "OmnomTracker" */;
			buildPhases = (
				B05A8DCC0EB4EE915C23E56C /* [CP] Check Pods Manifest.lock */,
				3F64011B1F836E5A003038C2 /* Sources */,
				3F64011C1F836E5A003038C2 /* Frameworks */,
				3F64011D1F836E5A003038C2 /* Resources */,
				0012C1953DDA920162B39843 /* [CP] Embed Pods Frameworks */,
				9CF629BA382F76A0CD561393 /* [CP] Copy Pods Resources */,
			);
			buildRules = (
			);
			dependencies = (
			);
			name = OmnomTracker;
			productName = OmnomTracker;
			productReference = 3F64011F1F836E5A003038C2 /* OmnomTracker.app */;
			productType = "com.apple.product-type.application";
		};
/* End PBXNativeTarget section */

/* Begin PBXProject section */
		3F6401171F836E5A003038C2 /* Project object */ = {
			isa = PBXProject;
			attributes = {
				LastSwiftUpdateCheck = 0830;
				LastUpgradeCheck = 0830;
				ORGANIZATIONNAME = PXL;
				TargetAttributes = {
					3F64011E1F836E5A003038C2 = {
						CreatedOnToolsVersion = 8.3.3;
						LastSwiftMigration = 0830;
						ProvisioningStyle = Automatic;
					};
				};
			};
			buildConfigurationList = 3F64011A1F836E5A003038C2 /* Build configuration list for PBXProject "OmnomTracker" */;
			compatibilityVersion = "Xcode 3.2";
			developmentRegion = English;
			hasScannedForEncodings = 0;
			knownRegions = (
				en,
				Base,
			);
			mainGroup = 3F6401161F836E5A003038C2;
			productRefGroup = 3F6401201F836E5A003038C2 /* Products */;
			projectDirPath = "";
			projectRoot = "";
			targets = (
				3F64011E1F836E5A003038C2 /* OmnomTracker */,
			);
		};
/* End PBXProject section */

/* Begin PBXResourcesBuildPhase section */
		3F64011D1F836E5A003038C2 /* Resources */ = {
			isa = PBXResourcesBuildPhase;
			buildActionMask = 2147483647;
			files = (
				3F64012D1F836E5B003038C2 /* LaunchScreen.storyboard in Resources */,
				3F64012A1F836E5B003038C2 /* Assets.xcassets in Resources */,
				3F6401281F836E5A003038C2 /* Main.storyboard in Resources */,
			);
			runOnlyForDeploymentPostprocessing = 0;
		};
/* End PBXResourcesBuildPhase section */

/* Begin PBXShellScriptBuildPhase section */
		0012C1953DDA920162B39843 /* [CP] Embed Pods Frameworks */ = {
			isa = PBXShellScriptBuildPhase;
			buildActionMask = 2147483647;
			files = (
			);
			inputPaths = (
				"${SRCROOT}/Pods/Target Support Files/Pods-OmnomTracker/Pods-OmnomTracker-frameworks.sh",
				"${BUILT_PRODUCTS_DIR}/Alamofire/Alamofire.framework",
				"${BUILT_PRODUCTS_DIR}/Bolts/Bolts.framework",
				"${BUILT_PRODUCTS_DIR}/FBSDKCoreKit/FBSDKCoreKit.framework",
				"${BUILT_PRODUCTS_DIR}/FBSDKLoginKit/FBSDKLoginKit.framework",
				"${BUILT_PRODUCTS_DIR}/FBSDKShareKit/FBSDKShareKit.framework",
				"${BUILT_PRODUCTS_DIR}/FacebookCore/FacebookCore.framework",
				"${BUILT_PRODUCTS_DIR}/FacebookLogin/FacebookLogin.framework",
				"${BUILT_PRODUCTS_DIR}/FacebookShare/FacebookShare.framework",
				"${BUILT_PRODUCTS_DIR}/SwiftyJSON/SwiftyJSON.framework",
			);
			name = "[CP] Embed Pods Frameworks";
			outputPaths = (
				"${TARGET_BUILD_DIR}/${FRAMEWORKS_FOLDER_PATH}/Alamofire.framework",
				"${TARGET_BUILD_DIR}/${FRAMEWORKS_FOLDER_PATH}/Bolts.framework",
				"${TARGET_BUILD_DIR}/${FRAMEWORKS_FOLDER_PATH}/FBSDKCoreKit.framework",
				"${TARGET_BUILD_DIR}/${FRAMEWORKS_FOLDER_PATH}/FBSDKLoginKit.framework",
				"${TARGET_BUILD_DIR}/${FRAMEWORKS_FOLDER_PATH}/FBSDKShareKit.framework",
				"${TARGET_BUILD_DIR}/${FRAMEWORKS_FOLDER_PATH}/FacebookCore.framework",
				"${TARGET_BUILD_DIR}/${FRAMEWORKS_FOLDER_PATH}/FacebookLogin.framework",
				"${TARGET_BUILD_DIR}/${FRAMEWORKS_FOLDER_PATH}/FacebookShare.framework",
				"${TARGET_BUILD_DIR}/${FRAMEWORKS_FOLDER_PATH}/SwiftyJSON.framework",
			);
			runOnlyForDeploymentPostprocessing = 0;
			shellPath = /bin/sh;
			shellScript = "\"${SRCROOT}/Pods/Target Support Files/Pods-OmnomTracker/Pods-OmnomTracker-frameworks.sh\"\n";
			showEnvVarsInLog = 0;
		};
		9CF629BA382F76A0CD561393 /* [CP] Copy Pods Resources */ = {
			isa = PBXShellScriptBuildPhase;
			buildActionMask = 2147483647;
			files = (
			);
			inputPaths = (
				"${SRCROOT}/Pods/Target Support Files/Pods-OmnomTracker/Pods-OmnomTracker-resources.sh",
				"${PODS_ROOT}/FBSDKCoreKit/FacebookSDKStrings.bundle",
			);
			name = "[CP] Copy Pods Resources";
			outputPaths = (
				"${TARGET_BUILD_DIR}/${UNLOCALIZED_RESOURCES_FOLDER_PATH}",
			);
			runOnlyForDeploymentPostprocessing = 0;
			shellPath = /bin/sh;
			shellScript = "\"${SRCROOT}/Pods/Target Support Files/Pods-OmnomTracker/Pods-OmnomTracker-resources.sh\"\n";
			showEnvVarsInLog = 0;
		};
		B05A8DCC0EB4EE915C23E56C /* [CP] Check Pods Manifest.lock */ = {
			isa = PBXShellScriptBuildPhase;
			buildActionMask = 2147483647;
			files = (
			);
			inputPaths = (
				"${PODS_PODFILE_DIR_PATH}/Podfile.lock",
				"${PODS_ROOT}/Manifest.lock",
			);
			name = "[CP] Check Pods Manifest.lock";
			outputPaths = (
				"$(DERIVED_FILE_DIR)/Pods-OmnomTracker-checkManifestLockResult.txt",
			);
			runOnlyForDeploymentPostprocessing = 0;
			shellPath = /bin/sh;
			shellScript = "diff \"${PODS_PODFILE_DIR_PATH}/Podfile.lock\" \"${PODS_ROOT}/Manifest.lock\" > /dev/null\nif [ $? != 0 ] ; then\n    # print error to STDERR\n    echo \"error: The sandbox is not in sync with the Podfile.lock. Run 'pod install' or update your CocoaPods installation.\" >&2\n    exit 1\nfi\n# This output is used by Xcode 'outputs' to avoid re-running this script phase.\necho \"SUCCESS\" > \"${SCRIPT_OUTPUT_FILE_0}\"\n";
			showEnvVarsInLog = 0;
		};
/* End PBXShellScriptBuildPhase section */

/* Begin PBXSourcesBuildPhase section */
		3F64011B1F836E5A003038C2 /* Sources */ = {
			isa = PBXSourcesBuildPhase;
			buildActionMask = 2147483647;
			files = (
				566BF5841F9CEF7300054F7E /* UserRepository.swift in Sources */,
				56A94AD71F8A93B200B54B47 /* DatabaseController.swift in Sources */,
				56A94AB41F8A925100B54B47 /* OmnomDB.xcdatamodeld in Sources */,
				3FD4DA361FB089C200A02AA0 /* DayViewController.swift in Sources */,
				566BF5861F9CEF8200054F7E /* FoodRepository.swift in Sources */,
				3FB2116B1F925413005F8418 /* RegisterTableController.swift in Sources */,
				56A94AAE1F8A72FE00B54B47 /* RegisterViewController.swift in Sources */,
				566BF5811F9CE74F00054F7E /* Lunch.swift in Sources */,
				3FB211691F923EE7005F8418 /* HomeTabBarController.swift in Sources */,
				567FE29B1F854093004DDB84 /* AppDelegate.swift in Sources */,
				3F6401251F836E5A003038C2 /* ViewController.swift in Sources */,
				566BF58B1F9CF14100054F7E /* FoodModel.swift in Sources */,
				3FB2116F1F9608A6005F8418 /* SearchTableViewController.swift in Sources */,
				56DF7D841FAF610500923AE4 /* UIColor.swift in Sources */,
				3FD4DA341FB078EF00A02AA0 /* HistoryTableViewController.swift in Sources */,
				5642591E1F8CC7B9000C6F23 /* ProfileViewController.swift in Sources */,
				5642591C1F8CC786000C6F23 /* LogMealViewController.swift in Sources */,
				566BF57E1F9CE43A00054F7E /* ViewMealViewController.swift in Sources */,
			);
			runOnlyForDeploymentPostprocessing = 0;
		};
/* End PBXSourcesBuildPhase section */

/* Begin PBXVariantGroup section */
		3F6401261F836E5A003038C2 /* Main.storyboard */ = {
			isa = PBXVariantGroup;
			children = (
				3F6401271F836E5A003038C2 /* Base */,
			);
			name = Main.storyboard;
			sourceTree = "<group>";
		};
		3F64012B1F836E5B003038C2 /* LaunchScreen.storyboard */ = {
			isa = PBXVariantGroup;
			children = (
				3F64012C1F836E5B003038C2 /* Base */,
			);
			name = LaunchScreen.storyboard;
			sourceTree = "<group>";
		};
/* End PBXVariantGroup section */

/* Begin XCBuildConfiguration section */
		3F64012F1F836E5B003038C2 /* Debug */ = {
			isa = XCBuildConfiguration;
			buildSettings = {
				ALWAYS_SEARCH_USER_PATHS = NO;
				CLANG_ANALYZER_NONNULL = YES;
				CLANG_ANALYZER_NUMBER_OBJECT_CONVERSION = YES_AGGRESSIVE;
				CLANG_CXX_LANGUAGE_STANDARD = "gnu++0x";
				CLANG_CXX_LIBRARY = "libc++";
				CLANG_ENABLE_MODULES = YES;
				CLANG_ENABLE_OBJC_ARC = YES;
				CLANG_WARN_BOOL_CONVERSION = YES;
				CLANG_WARN_CONSTANT_CONVERSION = YES;
				CLANG_WARN_DIRECT_OBJC_ISA_USAGE = YES_ERROR;
				CLANG_WARN_DOCUMENTATION_COMMENTS = YES;
				CLANG_WARN_EMPTY_BODY = YES;
				CLANG_WARN_ENUM_CONVERSION = YES;
				CLANG_WARN_INFINITE_RECURSION = YES;
				CLANG_WARN_INT_CONVERSION = YES;
				CLANG_WARN_OBJC_ROOT_CLASS = YES_ERROR;
				CLANG_WARN_SUSPICIOUS_MOVE = YES;
				CLANG_WARN_UNREACHABLE_CODE = YES;
				CLANG_WARN__DUPLICATE_METHOD_MATCH = YES;
				"CODE_SIGN_IDENTITY[sdk=iphoneos*]" = "iPhone Developer";
				COPY_PHASE_STRIP = NO;
				DEBUG_INFORMATION_FORMAT = dwarf;
				ENABLE_STRICT_OBJC_MSGSEND = YES;
				ENABLE_TESTABILITY = YES;
				GCC_C_LANGUAGE_STANDARD = gnu99;
				GCC_DYNAMIC_NO_PIC = NO;
				GCC_NO_COMMON_BLOCKS = YES;
				GCC_OPTIMIZATION_LEVEL = 0;
				GCC_PREPROCESSOR_DEFINITIONS = (
					"DEBUG=1",
					"$(inherited)",
				);
				GCC_WARN_64_TO_32_BIT_CONVERSION = YES;
				GCC_WARN_ABOUT_RETURN_TYPE = YES_ERROR;
				GCC_WARN_UNDECLARED_SELECTOR = YES;
				GCC_WARN_UNINITIALIZED_AUTOS = YES_AGGRESSIVE;
				GCC_WARN_UNUSED_FUNCTION = YES;
				GCC_WARN_UNUSED_VARIABLE = YES;
				IPHONEOS_DEPLOYMENT_TARGET = 10.3;
				MTL_ENABLE_DEBUG_INFO = YES;
				ONLY_ACTIVE_ARCH = YES;
				SDKROOT = iphoneos;
				SWIFT_ACTIVE_COMPILATION_CONDITIONS = DEBUG;
				SWIFT_OPTIMIZATION_LEVEL = "-Onone";
				TARGETED_DEVICE_FAMILY = "1,2";
			};
			name = Debug;
		};
		3F6401301F836E5B003038C2 /* Release */ = {
			isa = XCBuildConfiguration;
			buildSettings = {
				ALWAYS_SEARCH_USER_PATHS = NO;
				CLANG_ANALYZER_NONNULL = YES;
				CLANG_ANALYZER_NUMBER_OBJECT_CONVERSION = YES_AGGRESSIVE;
				CLANG_CXX_LANGUAGE_STANDARD = "gnu++0x";
				CLANG_CXX_LIBRARY = "libc++";
				CLANG_ENABLE_MODULES = YES;
				CLANG_ENABLE_OBJC_ARC = YES;
				CLANG_WARN_BOOL_CONVERSION = YES;
				CLANG_WARN_CONSTANT_CONVERSION = YES;
				CLANG_WARN_DIRECT_OBJC_ISA_USAGE = YES_ERROR;
				CLANG_WARN_DOCUMENTATION_COMMENTS = YES;
				CLANG_WARN_EMPTY_BODY = YES;
				CLANG_WARN_ENUM_CONVERSION = YES;
				CLANG_WARN_INFINITE_RECURSION = YES;
				CLANG_WARN_INT_CONVERSION = YES;
				CLANG_WARN_OBJC_ROOT_CLASS = YES_ERROR;
				CLANG_WARN_SUSPICIOUS_MOVE = YES;
				CLANG_WARN_UNREACHABLE_CODE = YES;
				CLANG_WARN__DUPLICATE_METHOD_MATCH = YES;
				"CODE_SIGN_IDENTITY[sdk=iphoneos*]" = "iPhone Developer";
				COPY_PHASE_STRIP = NO;
				DEBUG_INFORMATION_FORMAT = "dwarf-with-dsym";
				ENABLE_NS_ASSERTIONS = NO;
				ENABLE_STRICT_OBJC_MSGSEND = YES;
				GCC_C_LANGUAGE_STANDARD = gnu99;
				GCC_NO_COMMON_BLOCKS = YES;
				GCC_WARN_64_TO_32_BIT_CONVERSION = YES;
				GCC_WARN_ABOUT_RETURN_TYPE = YES_ERROR;
				GCC_WARN_UNDECLARED_SELECTOR = YES;
				GCC_WARN_UNINITIALIZED_AUTOS = YES_AGGRESSIVE;
				GCC_WARN_UNUSED_FUNCTION = YES;
				GCC_WARN_UNUSED_VARIABLE = YES;
				IPHONEOS_DEPLOYMENT_TARGET = 10.3;
				MTL_ENABLE_DEBUG_INFO = NO;
				SDKROOT = iphoneos;
				SWIFT_OPTIMIZATION_LEVEL = "-Owholemodule";
				TARGETED_DEVICE_FAMILY = "1,2";
				VALIDATE_PRODUCT = YES;
			};
			name = Release;
		};
		3F6401321F836E5B003038C2 /* Debug */ = {
			isa = XCBuildConfiguration;
			baseConfigurationReference = 6BAD80E1EA9F518A6A23FEF3 /* Pods-OmnomTracker.debug.xcconfig */;
			buildSettings = {
				ASSETCATALOG_COMPILER_APPICON_NAME = AppIcon;
				CLANG_ENABLE_MODULES = YES;
				DEVELOPMENT_TEAM = "";
				FRAMEWORK_SEARCH_PATHS = (
					"$(inherited)",
					"$(PROJECT_DIR)/OmnomTracker",
				);
				INFOPLIST_FILE = OmnomTracker/Info.plist;
				LD_RUNPATH_SEARCH_PATHS = "$(inherited) @executable_path/Frameworks";
				PRODUCT_BUNDLE_IDENTIFIER = be.pxl.OmnomTracker;
				PRODUCT_NAME = "$(TARGET_NAME)";
				SWIFT_OBJC_BRIDGING_HEADER = "OmnomTracker/OmnomTracker-Bridging-Header.h";
				SWIFT_OPTIMIZATION_LEVEL = "-Onone";
				SWIFT_VERSION = 3.0;
			};
			name = Debug;
		};
		3F6401331F836E5B003038C2 /* Release */ = {
			isa = XCBuildConfiguration;
			baseConfigurationReference = A2A65F25E9C61BBE9C6E94AF /* Pods-OmnomTracker.release.xcconfig */;
			buildSettings = {
				ASSETCATALOG_COMPILER_APPICON_NAME = AppIcon;
				CLANG_ENABLE_MODULES = YES;
				DEVELOPMENT_TEAM = "";
				FRAMEWORK_SEARCH_PATHS = (
					"$(inherited)",
					"$(PROJECT_DIR)/OmnomTracker",
				);
				INFOPLIST_FILE = OmnomTracker/Info.plist;
				LD_RUNPATH_SEARCH_PATHS = "$(inherited) @executable_path/Frameworks";
				PRODUCT_BUNDLE_IDENTIFIER = be.pxl.OmnomTracker;
				PRODUCT_NAME = "$(TARGET_NAME)";
				SWIFT_OBJC_BRIDGING_HEADER = "OmnomTracker/OmnomTracker-Bridging-Header.h";
				SWIFT_VERSION = 3.0;
			};
			name = Release;
		};
/* End XCBuildConfiguration section */

/* Begin XCConfigurationList section */
		3F64011A1F836E5A003038C2 /* Build configuration list for PBXProject "OmnomTracker" */ = {
			isa = XCConfigurationList;
			buildConfigurations = (
				3F64012F1F836E5B003038C2 /* Debug */,
				3F6401301F836E5B003038C2 /* Release */,
			);
			defaultConfigurationIsVisible = 0;
			defaultConfigurationName = Release;
		};
		3F6401311F836E5B003038C2 /* Build configuration list for PBXNativeTarget "OmnomTracker" */ = {
			isa = XCConfigurationList;
			buildConfigurations = (
				3F6401321F836E5B003038C2 /* Debug */,
				3F6401331F836E5B003038C2 /* Release */,
			);
			defaultConfigurationIsVisible = 0;
			defaultConfigurationName = Release;
		};
/* End XCConfigurationList section */

/* Begin XCVersionGroup section */
		56A94AB21F8A925100B54B47 /* OmnomDB.xcdatamodeld */ = {
			isa = XCVersionGroup;
			children = (
				56A94AB31F8A925100B54B47 /* OmnomDB.xcdatamodel */,
			);
			currentVersion = 56A94AB31F8A925100B54B47 /* OmnomDB.xcdatamodel */;
			path = OmnomDB.xcdatamodeld;
			sourceTree = "<group>";
			versionGroupType = wrapper.xcdatamodel;
		};
/* End XCVersionGroup section */
	};
	rootObject = 3F6401171F836E5A003038C2 /* Project object */;
}
